
Microsoft Visual Studio Solution File, Format Version 12.00
# Visual Studio Version 17
VisualStudioVersion = 17.13.35931.197 d17.13
MinimumVisualStudioVersion = 10.0.40219.1
Project("{FAE04EC0-301F-11D3-BF4B-00C04F79EFBC}") = "2-Mamani-Torres-4", "2-Mamani-Torres-4\2-Mamani-Torres-4.csproj", "{2FD4A350-EE47-4C7E-93C2-908A7754CD0A}"
EndProject
Global
	GlobalSection(SolutionConfigurationPlatforms) = preSolution
		Debug|Any CPU = Debug|Any CPU
		Release|Any CPU = Release|Any CPU
	EndGlobalSection
	GlobalSection(ProjectConfigurationPlatforms) = postSolution
		{2FD4A350-EE47-4C7E-93C2-908A7754CD0A}.Debug|Any CPU.ActiveCfg = Debug|Any CPU
		{2FD4A350-EE47-4C7E-93C2-908A7754CD0A}.Debug|Any CPU.Build.0 = Debug|Any CPU
		{2FD4A350-EE47-4C7E-93C2-908A7754CD0A}.Release|Any CPU.ActiveCfg = Release|Any CPU
		{2FD4A350-EE47-4C7E-93C2-908A7754CD0A}.Release|Any CPU.Build.0 = Release|Any CPU
	EndGlobalSection
	GlobalSection(SolutionProperties) = preSolution
		HideSolutionNode = FALSE
	EndGlobalSection
	GlobalSection(ExtensibilityGlobals) = postSolution
		SolutionGuid = {6EAF1A39-6478-4A9D-BDCC-E57CF06CE5A5}
	EndGlobalSection
EndGlobal
