
Microsoft Visual Studio Solution File, Format Version 12.00
# Visual Studio Version 17
VisualStudioVersion = 17.13.35931.197 d17.13
MinimumVisualStudioVersion = 10.0.40219.1
Project("{FAE04EC0-301F-11D3-BF4B-00C04F79EFBC}") = "1-Mamani-Torres-7", "1-Mamani-Torres-7\1-Mamani-Torres-7.csproj", "{360D9DD7-F4A9-4E8D-9B84-0C8F8A76295F}"
EndProject
Global
	GlobalSection(SolutionConfigurationPlatforms) = preSolution
		Debug|Any CPU = Debug|Any CPU
		Release|Any CPU = Release|Any CPU
	EndGlobalSection
	GlobalSection(ProjectConfigurationPlatforms) = postSolution
		{360D9DD7-F4A9-4E8D-9B84-0C8F8A76295F}.Debug|Any CPU.ActiveCfg = Debug|Any CPU
		{360D9DD7-F4A9-4E8D-9B84-0C8F8A76295F}.Debug|Any CPU.Build.0 = Debug|Any CPU
		{360D9DD7-F4A9-4E8D-9B84-0C8F8A76295F}.Release|Any CPU.ActiveCfg = Release|Any CPU
		{360D9DD7-F4A9-4E8D-9B84-0C8F8A76295F}.Release|Any CPU.Build.0 = Release|Any CPU
	EndGlobalSection
	GlobalSection(SolutionProperties) = preSolution
		HideSolutionNode = FALSE
	EndGlobalSection
	GlobalSection(ExtensibilityGlobals) = postSolution
		SolutionGuid = {00FD0D90-FBF7-42E2-8B78-E74D2469593B}
	EndGlobalSection
EndGlobal
