
Microsoft Visual Studio Solution File, Format Version 12.00
# Visual Studio Version 17
VisualStudioVersion = 17.13.35931.197 d17.13
MinimumVisualStudioVersion = 10.0.40219.1
Project("{FAE04EC0-301F-11D3-BF4B-00C04F79EFBC}") = "2-Mamani-Torres-5", "2-Mamani-Torres-5\2-Mamani-Torres-5.csproj", "{E0EE282D-2163-4B4B-B761-6847B6762FFC}"
EndProject
Global
	GlobalSection(SolutionConfigurationPlatforms) = preSolution
		Debug|Any CPU = Debug|Any CPU
		Release|Any CPU = Release|Any CPU
	EndGlobalSection
	GlobalSection(ProjectConfigurationPlatforms) = postSolution
		{E0EE282D-2163-4B4B-B761-6847B6762FFC}.Debug|Any CPU.ActiveCfg = Debug|Any CPU
		{E0EE282D-2163-4B4B-B761-6847B6762FFC}.Debug|Any CPU.Build.0 = Debug|Any CPU
		{E0EE282D-2163-4B4B-B761-6847B6762FFC}.Release|Any CPU.ActiveCfg = Release|Any CPU
		{E0EE282D-2163-4B4B-B761-6847B6762FFC}.Release|Any CPU.Build.0 = Release|Any CPU
	EndGlobalSection
	GlobalSection(SolutionProperties) = preSolution
		HideSolutionNode = FALSE
	EndGlobalSection
	GlobalSection(ExtensibilityGlobals) = postSolution
		SolutionGuid = {5829AEFB-98A0-4E54-A6A4-1D26A32DD89C}
	EndGlobalSection
EndGlobal
