
Microsoft Visual Studio Solution File, Format Version 12.00
# Visual Studio Version 17
VisualStudioVersion = 17.13.35931.197 d17.13
MinimumVisualStudioVersion = 10.0.40219.1
Project("{FAE04EC0-301F-11D3-BF4B-00C04F79EFBC}") = "1-Mamani_Torres-6", "1-Mamani_Torres-6\1-Mamani_Torres-6.csproj", "{9E70C172-57DD-4649-9D15-927E67B3DF64}"
EndProject
Global
	GlobalSection(SolutionConfigurationPlatforms) = preSolution
		Debug|Any CPU = Debug|Any CPU
		Release|Any CPU = Release|Any CPU
	EndGlobalSection
	GlobalSection(ProjectConfigurationPlatforms) = postSolution
		{9E70C172-57DD-4649-9D15-927E67B3DF64}.Debug|Any CPU.ActiveCfg = Debug|Any CPU
		{9E70C172-57DD-4649-9D15-927E67B3DF64}.Debug|Any CPU.Build.0 = Debug|Any CPU
		{9E70C172-57DD-4649-9D15-927E67B3DF64}.Release|Any CPU.ActiveCfg = Release|Any CPU
		{9E70C172-57DD-4649-9D15-927E67B3DF64}.Release|Any CPU.Build.0 = Release|Any CPU
	EndGlobalSection
	GlobalSection(SolutionProperties) = preSolution
		HideSolutionNode = FALSE
	EndGlobalSection
	GlobalSection(ExtensibilityGlobals) = postSolution
		SolutionGuid = {04E34BDA-679C-4740-B60F-E505D601B6C7}
	EndGlobalSection
EndGlobal
