
Microsoft Visual Studio Solution File, Format Version 12.00
# Visual Studio Version 17
VisualStudioVersion = 17.13.35931.197 d17.13
MinimumVisualStudioVersion = 10.0.40219.1
Project("{FAE04EC0-301F-11D3-BF4B-00C04F79EFBC}") = "1-Mamani-Torres-14", "1-Mamani-Torres-14\1-Mamani-Torres-14.csproj", "{98D351B1-8B85-4B7E-B387-687D522C3BE5}"
EndProject
Global
	GlobalSection(SolutionConfigurationPlatforms) = preSolution
		Debug|Any CPU = Debug|Any CPU
		Release|Any CPU = Release|Any CPU
	EndGlobalSection
	GlobalSection(ProjectConfigurationPlatforms) = postSolution
		{98D351B1-8B85-4B7E-B387-687D522C3BE5}.Debug|Any CPU.ActiveCfg = Debug|Any CPU
		{98D351B1-8B85-4B7E-B387-687D522C3BE5}.Debug|Any CPU.Build.0 = Debug|Any CPU
		{98D351B1-8B85-4B7E-B387-687D522C3BE5}.Release|Any CPU.ActiveCfg = Release|Any CPU
		{98D351B1-8B85-4B7E-B387-687D522C3BE5}.Release|Any CPU.Build.0 = Release|Any CPU
	EndGlobalSection
	GlobalSection(SolutionProperties) = preSolution
		HideSolutionNode = FALSE
	EndGlobalSection
	GlobalSection(ExtensibilityGlobals) = postSolution
		SolutionGuid = {C56251BA-7988-4A85-9870-10B3B6AD9CDE}
	EndGlobalSection
EndGlobal
